
Microsoft Visual Studio Solution File, Format Version 12.00
# Visual Studio Version 17
VisualStudioVersion = 17.3.32901.215
MinimumVisualStudioVersion = 10.0.40219.1
Project("{FAE04EC0-301F-11D3-BF4B-00C04F79EFBC}") = "ürün_satis", "ürün_satis\ürün_satis.csproj", "{DAB243E2-E717-4410-BF1A-86FDB4C69E79}"
EndProject
Global
	GlobalSection(SolutionConfigurationPlatforms) = preSolution
		Debug|Any CPU = Debug|Any CPU
		Release|Any CPU = Release|Any CPU
	EndGlobalSection
	GlobalSection(ProjectConfigurationPlatforms) = postSolution
		{DAB243E2-E717-4410-BF1A-86FDB4C69E79}.Debug|Any CPU.ActiveCfg = Debug|Any CPU
		{DAB243E2-E717-4410-BF1A-86FDB4C69E79}.Debug|Any CPU.Build.0 = Debug|Any CPU
		{DAB243E2-E717-4410-BF1A-86FDB4C69E79}.Release|Any CPU.ActiveCfg = Release|Any CPU
		{DAB243E2-E717-4410-BF1A-86FDB4C69E79}.Release|Any CPU.Build.0 = Release|Any CPU
	EndGlobalSection
	GlobalSection(SolutionProperties) = preSolution
		HideSolutionNode = FALSE
	EndGlobalSection
	GlobalSection(ExtensibilityGlobals) = postSolution
		SolutionGuid = {8E02EA28-7771-49DD-A049-FD9109BBBE1E}
	EndGlobalSection
EndGlobal
